{
  "name": "apptest",
  "version": "1.0.0",
  "lockfileVersion": 1,
  "requires": true,
  "dependencies": {
    "@ngx-translate/core": {
      "version": "9.1.1",
      "resolved": "https://registry.npmjs.org/@ngx-translate/core/-/core-9.1.1.tgz",
      "integrity": "sha1-rhA5KINrip4Gn9Li52+iGYzH5ig="
    },
    "@ngx-translate/http-loader": {
      "version": "2.0.1",
      "resolved": "https://registry.npmjs.org/@ngx-translate/http-loader/-/http-loader-2.0.1.tgz",
      "integrity": "sha1-qmd4jmS/qGUmkad7Ais7QDEgkRM="
    },
    "angular": {
      "version": "1.6.9",
      "resolved": "https://registry.npmjs.org/angular/-/angular-1.6.9.tgz",
      "integrity": "sha1-vIEpMuGJCQOEEtWUpZkPS7ZsBhk=",
      "dev": true
    },
    "angular-local-storage": {
      "version": "0.7.1",
      "resolved": "https://registry.npmjs.org/angular-local-storage/-/angular-local-storage-0.7.1.tgz",
      "integrity": "sha1-+9JzB2PCn6mvVyXgGGx4BiHozdI=",
      "dev": true
    },
    "angular-route": {
      "version": "1.6.9",
      "resolved": "https://registry.npmjs.org/angular-route/-/angular-route-1.6.9.tgz",
      "integrity": "sha1-c8Y87GqKa5JGmK7GNerDKqQfXis=",
      "dev": true
    },
    "ng-translator": {
      "version": "0.0.1",
      "resolved": "https://registry.npmjs.org/ng-translator/-/ng-translator-0.0.1.tgz",
      "integrity": "sha1-NvRHmvMrz61M47ELiSXkw2Elr+Q="
    }
  }
}
